
Microsoft Visual Studio Solution File, Format Version 12.00
# Visual Studio Version 17
VisualStudioVersion = 17.6.33829.357
MinimumVisualStudioVersion = 10.0.40219.1
Project("{FAE04EC0-301F-11D3-BF4B-00C04F79EFBC}") = "HeAndSheStore", "HeAndSheStore.csproj", "{C2F05F02-760D-460D-B51A-46CC986CDB75}"
EndProject
Global
	GlobalSection(SolutionConfigurationPlatforms) = preSolution
		Debug|Any CPU = Debug|Any CPU
		Release|Any CPU = Release|Any CPU
	EndGlobalSection
	GlobalSection(ProjectConfigurationPlatforms) = postSolution
		{C2F05F02-760D-460D-B51A-46CC986CDB75}.Debug|Any CPU.ActiveCfg = Debug|Any CPU
		{C2F05F02-760D-460D-B51A-46CC986CDB75}.Debug|Any CPU.Build.0 = Debug|Any CPU
		{C2F05F02-760D-460D-B51A-46CC986CDB75}.Release|Any CPU.ActiveCfg = Release|Any CPU
		{C2F05F02-760D-460D-B51A-46CC986CDB75}.Release|Any CPU.Build.0 = Release|Any CPU
	EndGlobalSection
	GlobalSection(SolutionProperties) = preSolution
		HideSolutionNode = FALSE
	EndGlobalSection
	GlobalSection(ExtensibilityGlobals) = postSolution
		SolutionGuid = {C772C26B-6E3A-46E0-A967-7BD53EE863C0}
	EndGlobalSection
EndGlobal
